
Microsoft Visual Studio Solution File, Format Version 12.00
# Visual Studio Version 16
VisualStudioVersion = 16.0.32106.194
MinimumVisualStudioVersion = 10.0.40219.1
Project("{FAE04EC0-301F-11D3-BF4B-00C04F79EFBC}") = "PricefyChallenge.Api", "PricefyChallenge.Api\PricefyChallenge.Api.csproj", "{A6052F1D-B3E0-4660-8A60-8DFD00CCB05F}"
EndProject
Project("{2150E333-8FDC-42A3-9474-1A3956D46DE8}") = "Api", "Api", "{6BF8A552-E17E-4FB8-A0CF-318585556E6B}"
EndProject
Project("{FAE04EC0-301F-11D3-BF4B-00C04F79EFBC}") = "PricefyChallenge.Core", "PricefyChallenge.Core\PricefyChallenge.Core.csproj", "{AE422FF8-DD2D-4BE1-A84F-6E0C8863D895}"
EndProject
Project("{FAE04EC0-301F-11D3-BF4B-00C04F79EFBC}") = "PricefyChallenge.Infra", "PricefyChallenge.Infra\PricefyChallenge.Infra.csproj", "{B06B3358-D115-4B91-98A6-11FA2E467125}"
EndProject
Global
	GlobalSection(SolutionConfigurationPlatforms) = preSolution
		Debug|Any CPU = Debug|Any CPU
		Release|Any CPU = Release|Any CPU
	EndGlobalSection
	GlobalSection(ProjectConfigurationPlatforms) = postSolution
		{A6052F1D-B3E0-4660-8A60-8DFD00CCB05F}.Debug|Any CPU.ActiveCfg = Debug|Any CPU
		{A6052F1D-B3E0-4660-8A60-8DFD00CCB05F}.Debug|Any CPU.Build.0 = Debug|Any CPU
		{A6052F1D-B3E0-4660-8A60-8DFD00CCB05F}.Release|Any CPU.ActiveCfg = Release|Any CPU
		{A6052F1D-B3E0-4660-8A60-8DFD00CCB05F}.Release|Any CPU.Build.0 = Release|Any CPU
		{AE422FF8-DD2D-4BE1-A84F-6E0C8863D895}.Debug|Any CPU.ActiveCfg = Debug|Any CPU
		{AE422FF8-DD2D-4BE1-A84F-6E0C8863D895}.Debug|Any CPU.Build.0 = Debug|Any CPU
		{AE422FF8-DD2D-4BE1-A84F-6E0C8863D895}.Release|Any CPU.ActiveCfg = Release|Any CPU
		{AE422FF8-DD2D-4BE1-A84F-6E0C8863D895}.Release|Any CPU.Build.0 = Release|Any CPU
		{B06B3358-D115-4B91-98A6-11FA2E467125}.Debug|Any CPU.ActiveCfg = Debug|Any CPU
		{B06B3358-D115-4B91-98A6-11FA2E467125}.Debug|Any CPU.Build.0 = Debug|Any CPU
		{B06B3358-D115-4B91-98A6-11FA2E467125}.Release|Any CPU.ActiveCfg = Release|Any CPU
		{B06B3358-D115-4B91-98A6-11FA2E467125}.Release|Any CPU.Build.0 = Release|Any CPU
	EndGlobalSection
	GlobalSection(SolutionProperties) = preSolution
		HideSolutionNode = FALSE
	EndGlobalSection
	GlobalSection(NestedProjects) = preSolution
		{A6052F1D-B3E0-4660-8A60-8DFD00CCB05F} = {6BF8A552-E17E-4FB8-A0CF-318585556E6B}
		{AE422FF8-DD2D-4BE1-A84F-6E0C8863D895} = {6BF8A552-E17E-4FB8-A0CF-318585556E6B}
		{B06B3358-D115-4B91-98A6-11FA2E467125} = {6BF8A552-E17E-4FB8-A0CF-318585556E6B}
	EndGlobalSection
	GlobalSection(ExtensibilityGlobals) = postSolution
		SolutionGuid = {BCB2AD3E-9005-482B-9BE1-30880FD61FAA}
	EndGlobalSection
EndGlobal
